// !$*UTF8*$!
{
	archiveVersion = 1;
	classes = {
	};
	objectVersion = 48;
	objects = {

/* Begin PBXBuildFile section */
		9B03E1402085F2B900294F23 /* AppDelegate.m in Sources */ = {isa = PBXBuildFile; fileRef = 9B03E13F2085F2B900294F23 /* AppDelegate.m */; };
		9B03E1432085F2B900294F23 /* ViewController.m in Sources */ = {isa = PBXBuildFile; fileRef = 9B03E1422085F2B900294F23 /* ViewController.m */; };
		9B03E1462085F2B900294F23 /* Main.storyboard in Resources */ = {isa = PBXBuildFile; fileRef = 9B03E1442085F2B900294F23 /* Main.storyboard */; };
		9B03E1482085F2B900294F23 /* Assets.xcassets in Resources */ = {isa = PBXBuildFile; fileRef = 9B03E1472085F2B900294F23 /* Assets.xcassets */; };
		9B03E14B2085F2B900294F23 /* LaunchScreen.storyboard in Resources */ = {isa = PBXBuildFile; fileRef = 9B03E1492085F2B900294F23 /* LaunchScreen.storyboard */; };
		9B03E14E2085F2B900294F23 /* main.m in Sources */ = {isa = PBXBuildFile; fileRef = 9B03E14D2085F2B900294F23 /* main.m */; };
		9B03E1582085F2B900294F23 /* UIPickViewTests.m in Sources */ = {isa = PBXBuildFile; fileRef = 9B03E1572085F2B900294F23 /* UIPickViewTests.m */; };
		9B03E1632085F2B900294F23 /* UIPickViewUITests.m in Sources */ = {isa = PBXBuildFile; fileRef = 9B03E1622085F2B900294F23 /* UIPickViewUITests.m */; };
/* End PBXBuildFile section */

/* Begin PBXContainerItemProxy section */
		9B03E1542085F2B900294F23 /* PBXContainerItemProxy */ = {
			isa = PBXContainerItemProxy;
			containerPortal = 9B03E1332085F2B800294F23 /* Project object */;
			proxyType = 1;
			remoteGlobalIDString = 9B03E13A2085F2B900294F23;
			remoteInfo = UIPickView;
		};
		9B03E15F2085F2B900294F23 /* PBXContainerItemProxy */ = {
			isa = PBXContainerItemProxy;
			containerPortal = 9B03E1332085F2B800294F23 /* Project object */;
			proxyType = 1;
			remoteGlobalIDString = 9B03E13A2085F2B900294F23;
			remoteInfo = UIPickView;
		};
/* End PBXContainerItemProxy section */

/* Begin PBXFileReference section */
		9B03E13B2085F2B900294F23 /* UIPickView.app */ = {isa = PBXFileReference; explicitFileType = wrapper.application; includeInIndex = 0; path = UIPickView.app; sourceTree = BUILT_PRODUCTS_DIR; };
		9B03E13E2085F2B900294F23 /* AppDelegate.h */ = {isa = PBXFileReference; lastKnownFileType = sourcecode.c.h; path = AppDelegate.h; sourceTree = "<group>"; };
		9B03E13F2085F2B900294F23 /* AppDelegate.m */ = {isa = PBXFileReference; lastKnownFileType = sourcecode.c.objc; path = AppDelegate.m; sourceTree = "<group>"; };
		9B03E1412085F2B900294F23 /* ViewController.h */ = {isa = PBXFileReference; lastKnownFileType = sourcecode.c.h; path = ViewController.h; sourceTree = "<group>"; };
		9B03E1422085F2B900294F23 /* ViewController.m */ = {isa = PBXFileReference; lastKnownFileType = sourcecode.c.objc; path = ViewController.m; sourceTree = "<group>"; };
		9B03E1452085F2B900294F23 /* Base */ = {isa = PBXFileReference; lastKnownFileType = file.storyboard; name = Base; path = Base.lproj/Main.storyboard; sourceTree = "<group>"; };
		9B03E1472085F2B900294F23 /* Assets.xcassets */ = {isa = PBXFileReference; lastKnownFileType = folder.assetcatalog; path = Assets.xcassets; sourceTree = "<group>"; };
		9B03E14A2085F2B900294F23 /* Base */ = {isa = PBXFileReference; lastKnownFileType = file.storyboard; name = Base; path = Base.lproj/LaunchScreen.storyboard; sourceTree = "<group>"; };
		9B03E14C2085F2B900294F23 /* Info.plist */ = {isa = PBXFileReference; lastKnownFileType = text.plist.xml; path = Info.plist; sourceTree = "<group>"; };
		9B03E14D2085F2B900294F23 /* main.m */ = {isa = PBXFileReference; lastKnownFileType = sourcecode.c.objc; path = main.m; sourceTree = "<group>"; };
		9B03E1532085F2B900294F23 /* UIPickViewTests.xctest */ = {isa = PBXFileReference; explicitFileType = wrapper.cfbundle; includeInIndex = 0; path = UIPickViewTests.xctest; sourceTree = BUILT_PRODUCTS_DIR; };
		9B03E1572085F2B900294F23 /* UIPickViewTests.m */ = {isa = PBXFileReference; lastKnownFileType = sourcecode.c.objc; path = UIPickViewTests.m; sourceTree = "<group>"; };
		9B03E1592085F2B900294F23 /* Info.plist */ = {isa = PBXFileReference; lastKnownFileType = text.plist.xml; path = Info.plist; sourceTree = "<group>"; };
		9B03E15E2085F2B900294F23 /* UIPickViewUITests.xctest */ = {isa = PBXFileReference; explicitFileType = wrapper.cfbundle; includeInIndex = 0; path = UIPickViewUITests.xctest; sourceTree = BUILT_PRODUCTS_DIR; };
		9B03E1622085F2B900294F23 /* UIPickViewUITests.m */ = {isa = PBXFileReference; lastKnownFileType = sourcecode.c.objc; path = UIPickViewUITests.m; sourceTree = "<group>"; };
		9B03E1642085F2B900294F23 /* Info.plist */ = {isa = PBXFileReference; lastKnownFileType = text.plist.xml; path = Info.plist; sourceTree = "<group>"; };
/* End PBXFileReference section */

/* Begin PBXFrameworksBuildPhase section */
		9B03E1382085F2B900294F23 /* Frameworks */ = {
			isa = PBXFrameworksBuildPhase;
			buildActionMask = 2147483647;
			files = (
			);
			runOnlyForDeploymentPostprocessing = 0;
		};
		9B03E1502085F2B900294F23 /* Frameworks */ = {
			isa = PBXFrameworksBuildPhase;
			buildActionMask = 2147483647;
			files = (
			);
			runOnlyForDeploymentPostprocessing = 0;
		};
		9B03E15B2085F2B900294F23 /* Frameworks */ = {
			isa = PBXFrameworksBuildPhase;
			buildActionMask = 2147483647;
			files = (
			);
			runOnlyForDeploymentPostprocessing = 0;
		};
/* End PBXFrameworksBuildPhase section */

/* Begin PBXGroup section */
		9B03E1322085F2B800294F23 = {
			isa = PBXGroup;
			children = (
				9B03E13D2085F2B900294F23 /* UIPickView */,
				9B03E1562085F2B900294F23 /* UIPickViewTests */,
				9B03E1612085F2B900294F23 /* UIPickViewUITests */,
				9B03E13C2085F2B900294F23 /* Products */,
			);
			sourceTree = "<group>";
		};
		9B03E13C2085F2B900294F23 /* Products */ = {
			isa = PBXGroup;
			children = (
				9B03E13B2085F2B900294F23 /* UIPickView.app */,
				9B03E1532085F2B900294F23 /* UIPickViewTests.xctest */,
				9B03E15E2085F2B900294F23 /* UIPickViewUITests.xctest */,
			);
			name = Products;
			sourceTree = "<group>";
		};
		9B03E13D2085F2B900294F23 /* UIPickView */ = {
			isa = PBXGroup;
			children = (
				9B03E13E2085F2B900294F23 /* AppDelegate.h */,
				9B03E13F2085F2B900294F23 /* AppDelegate.m */,
				9B03E1412085F2B900294F23 /* ViewController.h */,
				9B03E1422085F2B900294F23 /* ViewController.m */,
				9B03E1442085F2B900294F23 /* Main.storyboard */,
				9B03E1472085F2B900294F23 /* Assets.xcassets */,
				9B03E1492085F2B900294F23 /* LaunchScreen.storyboard */,
				9B03E14C2085F2B900294F23 /* Info.plist */,
				9B03E14D2085F2B900294F23 /* main.m */,
			);
			path = UIPickView;
			sourceTree = "<group>";
		};
		9B03E1562085F2B900294F23 /* UIPickViewTests */ = {
			isa = PBXGroup;
			children = (
				9B03E1572085F2B900294F23 /* UIPickViewTests.m */,
				9B03E1592085F2B900294F23 /* Info.plist */,
			);
			path = UIPickViewTests;
			sourceTree = "<group>";
		};
		9B03E1612085F2B900294F23 /* UIPickViewUITests */ = {
			isa = PBXGroup;
			children = (
				9B03E1622085F2B900294F23 /* UIPickViewUITests.m */,
				9B03E1642085F2B900294F23 /* Info.plist */,
			);
			path = UIPickViewUITests;
			sourceTree = "<group>";
		};
/* End PBXGroup section */

/* Begin PBXNativeTarget section */
		9B03E13A2085F2B900294F23 /* UIPickView */ = {
			isa = PBXNativeTarget;
			buildConfigurationList = 9B03E1672085F2B900294F23 /* Build configuration list for PBXNativeTarget "UIPickView" */;
			buildPhases = (
				9B03E1372085F2B900294F23 /* Sources */,
				9B03E1382085F2B900294F23 /* Frameworks */,
				9B03E1392085F2B900294F23 /* Resources */,
			);
			buildRules = (
			);
			dependencies = (
			);
			name = UIPickView;
			productName = UIPickView;
			productReference = 9B03E13B2085F2B900294F23 /* UIPickView.app */;
			productType = "com.apple.product-type.application";
		};
		9B03E1522085F2B900294F23 /* UIPickViewTests */ = {
			isa = PBXNativeTarget;
			buildConfigurationList = 9B03E16A2085F2B900294F23 /* Build configuration list for PBXNativeTarget "UIPickViewTests" */;
			buildPhases = (
				9B03E14F2085F2B900294F23 /* Sources */,
				9B03E1502085F2B900294F23 /* Frameworks */,
				9B03E1512085F2B900294F23 /* Resources */,
			);
			buildRules = (
			);
			dependencies = (
				9B03E1552085F2B900294F23 /* PBXTargetDependency */,
			);
			name = UIPickViewTests;
			productName = UIPickViewTests;
			productReference = 9B03E1532085F2B900294F23 /* UIPickViewTests.xctest */;
			productType = "com.apple.product-type.bundle.unit-test";
		};
		9B03E15D2085F2B900294F23 /* UIPickViewUITests */ = {
			isa = PBXNativeTarget;
			buildConfigurationList = 9B03E16D2085F2B900294F23 /* Build configuration list for PBXNativeTarget "UIPickViewUITests" */;
			buildPhases = (
				9B03E15A2085F2B900294F23 /* Sources */,
				9B03E15B2085F2B900294F23 /* Frameworks */,
				9B03E15C2085F2B900294F23 /* Resources */,
			);
			buildRules = (
			);
			dependencies = (
				9B03E1602085F2B900294F23 /* PBXTargetDependency */,
			);
			name = UIPickViewUITests;
			productName = UIPickViewUITests;
			productReference = 9B03E15E2085F2B900294F23 /* UIPickViewUITests.xctest */;
			productType = "com.apple.product-type.bundle.ui-testing";
		};
/* End PBXNativeTarget section */

/* Begin PBXProject section */
		9B03E1332085F2B800294F23 /* Project object */ = {
			isa = PBXProject;
			attributes = {
				LastUpgradeCheck = 0920;
				ORGANIZATIONNAME = LDZ;
				TargetAttributes = {
					9B03E13A2085F2B900294F23 = {
						CreatedOnToolsVersion = 9.2;
						ProvisioningStyle = Automatic;
					};
					9B03E1522085F2B900294F23 = {
						CreatedOnToolsVersion = 9.2;
						ProvisioningStyle = Automatic;
						TestTargetID = 9B03E13A2085F2B900294F23;
					};
					9B03E15D2085F2B900294F23 = {
						CreatedOnToolsVersion = 9.2;
						ProvisioningStyle = Automatic;
						TestTargetID = 9B03E13A2085F2B900294F23;
					};
				};
			};
			buildConfigurationList = 9B03E1362085F2B800294F23 /* Build configuration list for PBXProject "UIPickView" */;
			compatibilityVersion = "Xcode 8.0";
			developmentRegion = en;
			hasScannedForEncodings = 0;
			knownRegions = (
				en,
				Base,
			);
			mainGroup = 9B03E1322085F2B800294F23;
			productRefGroup = 9B03E13C2085F2B900294F23 /* Products */;
			projectDirPath = "";
			projectRoot = "";
			targets = (
				9B03E13A2085F2B900294F23 /* UIPickView */,
				9B03E1522085F2B900294F23 /* UIPickViewTests */,
				9B03E15D2085F2B900294F23 /* UIPickViewUITests */,
			);
		};
/* End PBXProject section */

/* Begin PBXResourcesBuildPhase section */
		9B03E1392085F2B900294F23 /* Resources */ = {
			isa = PBXResourcesBuildPhase;
			buildActionMask = 2147483647;
			files = (
				9B03E14B2085F2B900294F23 /* LaunchScreen.storyboard in Resources */,
				9B03E1482085F2B900294F23 /* Assets.xcassets in Resources */,
				9B03E1462085F2B900294F23 /* Main.storyboard in Resources */,
			);
			runOnlyForDeploymentPostprocessing = 0;
		};
		9B03E1512085F2B900294F23 /* Resources */ = {
			isa = PBXResourcesBuildPhase;
			buildActionMask = 2147483647;
			files = (
			);
			runOnlyForDeploymentPostprocessing = 0;
		};
		9B03E15C2085F2B900294F23 /* Resources */ = {
			isa = PBXResourcesBuildPhase;
			buildActionMask = 2147483647;
			files = (
			);
			runOnlyForDeploymentPostprocessing = 0;
		};
/* End PBXResourcesBuildPhase section */

/* Begin PBXSourcesBuildPhase section */
		9B03E1372085F2B900294F23 /* Sources */ = {
			isa = PBXSourcesBuildPhase;
			buildActionMask = 2147483647;
			files = (
				9B03E1432085F2B900294F23 /* ViewController.m in Sources */,
				9B03E14E2085F2B900294F23 /* main.m in Sources */,
				9B03E1402085F2B900294F23 /* AppDelegate.m in Sources */,
			);
			runOnlyForDeploymentPostprocessing = 0;
		};
		9B03E14F2085F2B900294F23 /* Sources */ = {
			isa = PBXSourcesBuildPhase;
			buildActionMask = 2147483647;
			files = (
				9B03E1582085F2B900294F23 /* UIPickViewTests.m in Sources */,
			);
			runOnlyForDeploymentPostprocessing = 0;
		};
		9B03E15A2085F2B900294F23 /* Sources */ = {
			isa = PBXSourcesBuildPhase;
			buildActionMask = 2147483647;
			files = (
				9B03E1632085F2B900294F23 /* UIPickViewUITests.m in Sources */,
			);
			runOnlyForDeploymentPostprocessing = 0;
		};
/* End PBXSourcesBuildPhase section */

/* Begin PBXTargetDependency section */
		9B03E1552085F2B900294F23 /* PBXTargetDependency */ = {
			isa = PBXTargetDependency;
			target = 9B03E13A2085F2B900294F23 /* UIPickView */;
			targetProxy = 9B03E1542085F2B900294F23 /* PBXContainerItemProxy */;
		};
		9B03E1602085F2B900294F23 /* PBXTargetDependency */ = {
			isa = PBXTargetDependency;
			target = 9B03E13A2085F2B900294F23 /* UIPickView */;
			targetProxy = 9B03E15F2085F2B900294F23 /* PBXContainerItemProxy */;
		};
/* End PBXTargetDependency section */

/* Begin PBXVariantGroup section */
		9B03E1442085F2B900294F23 /* Main.storyboard */ = {
			isa = PBXVariantGroup;
			children = (
				9B03E1452085F2B900294F23 /* Base */,
			);
			name = Main.storyboard;
			sourceTree = "<group>";
		};
		9B03E1492085F2B900294F23 /* LaunchScreen.storyboard */ = {
			isa = PBXVariantGroup;
			children = (
				9B03E14A2085F2B900294F23 /* Base */,
			);
			name = LaunchScreen.storyboard;
			sourceTree = "<group>";
		};
/* End PBXVariantGroup section */

/* Begin XCBuildConfiguration section */
		9B03E1652085F2B900294F23 /* Debug */ = {
			isa = XCBuildConfiguration;
			buildSettings = {
				ALWAYS_SEARCH_USER_PATHS = NO;
				CLANG_ANALYZER_NONNULL = YES;
				CLANG_ANALYZER_NUMBER_OBJECT_CONVERSION = YES_AGGRESSIVE;
				CLANG_CXX_LANGUAGE_STANDARD = "gnu++14";
				CLANG_CXX_LIBRARY = "libc++";
				CLANG_ENABLE_MODULES = YES;
				CLANG_ENABLE_OBJC_ARC = YES;
				CLANG_WARN_BLOCK_CAPTURE_AUTORELEASING = YES;
				CLANG_WARN_BOOL_CONVERSION = YES;
				CLANG_WARN_COMMA = YES;
				CLANG_WARN_CONSTANT_CONVERSION = YES;
				CLANG_WARN_DIRECT_OBJC_ISA_USAGE = YES_ERROR;
				CLANG_WARN_DOCUMENTATION_COMMENTS = YES;
				CLANG_WARN_EMPTY_BODY = YES;
				CLANG_WARN_ENUM_CONVERSION = YES;
				CLANG_WARN_INFINITE_RECURSION = YES;
				CLANG_WARN_INT_CONVERSION = YES;
				CLANG_WARN_NON_LITERAL_NULL_CONVERSION = YES;
				CLANG_WARN_OBJC_LITERAL_CONVERSION = YES;
				CLANG_WARN_OBJC_ROOT_CLASS = YES_ERROR;
				CLANG_WARN_RANGE_LOOP_ANALYSIS = YES;
				CLANG_WARN_STRICT_PROTOTYPES = YES;
				CLANG_WARN_SUSPICIOUS_MOVE = YES;
				CLANG_WARN_UNGUARDED_AVAILABILITY = YES_AGGRESSIVE;
				CLANG_WARN_UNREACHABLE_CODE = YES;
				CLANG_WARN__DUPLICATE_METHOD_MATCH = YES;
				CODE_SIGN_IDENTITY = "iPhone Developer";
				COPY_PHASE_STRIP = NO;
				DEBUG_INFORMATION_FORMAT = dwarf;
				ENABLE_STRICT_OBJC_MSGSEND = YES;
				ENABLE_TESTABILITY = YES;
				GCC_C_LANGUAGE_STANDARD = gnu11;
				GCC_DYNAMIC_NO_PIC = NO;
				GCC_NO_COMMON_BLOCKS = YES;
				GCC_OPTIMIZATION_LEVEL = 0;
				GCC_PREPROCESSOR_DEFINITIONS = (
					"DEBUG=1",
					"$(inherited)",
				);
				GCC_WARN_64_TO_32_BIT_CONVERSION = YES;
				GCC_WARN_ABOUT_RETURN_TYPE = YES_ERROR;
				GCC_WARN_UNDECLARED_SELECTOR = YES;
				GCC_WARN_UNINITIALIZED_AUTOS = YES_AGGRESSIVE;
				GCC_WARN_UNUSED_FUNCTION = YES;
				GCC_WARN_UNUSED_VARIABLE = YES;
				IPHONEOS_DEPLOYMENT_TARGET = 11.2;
				MTL_ENABLE_DEBUG_INFO = YES;
				ONLY_ACTIVE_ARCH = YES;
				SDKROOT = iphoneos;
			};
			name = Debug;
		};
		9B03E1662085F2B900294F23 /* Release */ = {
			isa = XCBuildConfiguration;
			buildSettings = {
				ALWAYS_SEARCH_USER_PATHS = NO;
				CLANG_ANALYZER_NONNULL = YES;
				CLANG_ANALYZER_NUMBER_OBJECT_CONVERSION = YES_AGGRESSIVE;
				CLANG_CXX_LANGUAGE_STANDARD = "gnu++14";
				CLANG_CXX_LIBRARY = "libc++";
				CLANG_ENABLE_MODULES = YES;
				CLANG_ENABLE_OBJC_ARC = YES;
				CLANG_WARN_BLOCK_CAPTURE_AUTORELEASING = YES;
				CLANG_WARN_BOOL_CONVERSION = YES;
				CLANG_WARN_COMMA = YES;
				CLANG_WARN_CONSTANT_CONVERSION = YES;
				CLANG_WARN_DIRECT_OBJC_ISA_USAGE = YES_ERROR;
				CLANG_WARN_DOCUMENTATION_COMMENTS = YES;
				CLANG_WARN_EMPTY_BODY = YES;
				CLANG_WARN_ENUM_CONVERSION = YES;
				CLANG_WARN_INFINITE_RECURSION = YES;
				CLANG_WARN_INT_CONVERSION = YES;
				CLANG_WARN_NON_LITERAL_NULL_CONVERSION = YES;
				CLANG_WARN_OBJC_LITERAL_CONVERSION = YES;
				CLANG_WARN_OBJC_ROOT_CLASS = YES_ERROR;
				CLANG_WARN_RANGE_LOOP_ANALYSIS = YES;
				CLANG_WARN_STRICT_PROTOTYPES = YES;
				CLANG_WARN_SUSPICIOUS_MOVE = YES;
				CLANG_WARN_UNGUARDED_AVAILABILITY = YES_AGGRESSIVE;
				CLANG_WARN_UNREACHABLE_CODE = YES;
				CLANG_WARN__DUPLICATE_METHOD_MATCH = YES;
				CODE_SIGN_IDENTITY = "iPhone Developer";
				COPY_PHASE_STRIP = NO;
				DEBUG_INFORMATION_FORMAT = "dwarf-with-dsym";
				ENABLE_NS_ASSERTIONS = NO;
				ENABLE_STRICT_OBJC_MSGSEND = YES;
				GCC_C_LANGUAGE_STANDARD = gnu11;
				GCC_NO_COMMON_BLOCKS = YES;
				GCC_WARN_64_TO_32_BIT_CONVERSION = YES;
				GCC_WARN_ABOUT_RETURN_TYPE = YES_ERROR;
				GCC_WARN_UNDECLARED_SELECTOR = YES;
				GCC_WARN_UNINITIALIZED_AUTOS = YES_AGGRESSIVE;
				GCC_WARN_UNUSED_FUNCTION = YES;
				GCC_WARN_UNUSED_VARIABLE = YES;
				IPHONEOS_DEPLOYMENT_TARGET = 11.2;
				MTL_ENABLE_DEBUG_INFO = NO;
				SDKROOT = iphoneos;
				VALIDATE_PRODUCT = YES;
			};
			name = Release;
		};
		9B03E1682085F2B900294F23 /* Debug */ = {
			isa = XCBuildConfiguration;
			buildSettings = {
				ASSETCATALOG_COMPILER_APPICON_NAME = AppIcon;
				CODE_SIGN_STYLE = Automatic;
				DEVELOPMENT_TEAM = 5C939V75QW;
				INFOPLIST_FILE = UIPickView/Info.plist;
				LD_RUNPATH_SEARCH_PATHS = "$(inherited) @executable_path/Frameworks";
				PRODUCT_BUNDLE_IDENTIFIER = LDZ.UIPickView;
				PRODUCT_NAME = "$(TARGET_NAME)";
				TARGETED_DEVICE_FAMILY = "1,2";
			};
			name = Debug;
		};
		9B03E1692085F2B900294F23 /* Release */ = {
			isa = XCBuildConfiguration;
			buildSettings = {
				ASSETCATALOG_COMPILER_APPICON_NAME = AppIcon;
				CODE_SIGN_STYLE = Automatic;
				DEVELOPMENT_TEAM = 5C939V75QW;
				INFOPLIST_FILE = UIPickView/Info.plist;
				LD_RUNPATH_SEARCH_PATHS = "$(inherited) @executable_path/Frameworks";
				PRODUCT_BUNDLE_IDENTIFIER = LDZ.UIPickView;
				PRODUCT_NAME = "$(TARGET_NAME)";
				TARGETED_DEVICE_FAMILY = "1,2";
			};
			name = Release;
		};
		9B03E16B2085F2B900294F23 /* Debug */ = {
			isa = XCBuildConfiguration;
			buildSettings = {
				BUNDLE_LOADER = "$(TEST_HOST)";
				CODE_SIGN_STYLE = Automatic;
				DEVELOPMENT_TEAM = 5C939V75QW;
				INFOPLIST_FILE = UIPickViewTests/Info.plist;
				LD_RUNPATH_SEARCH_PATHS = "$(inherited) @executable_path/Frameworks @loader_path/Frameworks";
				PRODUCT_BUNDLE_IDENTIFIER = LDZ.UIPickViewTests;
				PRODUCT_NAME = "$(TARGET_NAME)";
				TARGETED_DEVICE_FAMILY = "1,2";
				TEST_HOST = "$(BUILT_PRODUCTS_DIR)/UIPickView.app/UIPickView";
			};
			name = Debug;
		};
		9B03E16C2085F2B900294F23 /* Release */ = {
			isa = XCBuildConfiguration;
			buildSettings = {
				BUNDLE_LOADER = "$(TEST_HOST)";
				CODE_SIGN_STYLE = Automatic;
				DEVELOPMENT_TEAM = 5C939V75QW;
				INFOPLIST_FILE = UIPickViewTests/Info.plist;
				LD_RUNPATH_SEARCH_PATHS = "$(inherited) @executable_path/Frameworks @loader_path/Frameworks";
				PRODUCT_BUNDLE_IDENTIFIER = LDZ.UIPickViewTests;
				PRODUCT_NAME = "$(TARGET_NAME)";
				TARGETED_DEVICE_FAMILY = "1,2";
				TEST_HOST = "$(BUILT_PRODUCTS_DIR)/UIPickView.app/UIPickView";
			};
			name = Release;
		};
		9B03E16E2085F2B900294F23 /* Debug */ = {
			isa = XCBuildConfiguration;
			buildSettings = {
				CODE_SIGN_STYLE = Automatic;
				DEVELOPMENT_TEAM = 5C939V75QW;
				INFOPLIST_FILE = UIPickViewUITests/Info.plist;
				LD_RUNPATH_SEARCH_PATHS = "$(inherited) @executable_path/Frameworks @loader_path/Frameworks";
				PRODUCT_BUNDLE_IDENTIFIER = LDZ.UIPickViewUITests;
				PRODUCT_NAME = "$(TARGET_NAME)";
				TARGETED_DEVICE_FAMILY = "1,2";
				TEST_TARGET_NAME = UIPickView;
			};
			name = Debug;
		};
		9B03E16F2085F2B900294F23 /* Release */ = {
			isa = XCBuildConfiguration;
			buildSettings = {
				CODE_SIGN_STYLE = Automatic;
				DEVELOPMENT_TEAM = 5C939V75QW;
				INFOPLIST_FILE = UIPickViewUITests/Info.plist;
				LD_RUNPATH_SEARCH_PATHS = "$(inherited) @executable_path/Frameworks @loader_path/Frameworks";
				PRODUCT_BUNDLE_IDENTIFIER = LDZ.UIPickViewUITests;
				PRODUCT_NAME = "$(TARGET_NAME)";
				TARGETED_DEVICE_FAMILY = "1,2";
				TEST_TARGET_NAME = UIPickView;
			};
			name = Release;
		};
/* End XCBuildConfiguration section */

/* Begin XCConfigurationList section */
		9B03E1362085F2B800294F23 /* Build configuration list for PBXProject "UIPickView" */ = {
			isa = XCConfigurationList;
			buildConfigurations = (
				9B03E1652085F2B900294F23 /* Debug */,
				9B03E1662085F2B900294F23 /* Release */,
			);
			defaultConfigurationIsVisible = 0;
			defaultConfigurationName = Release;
		};
		9B03E1672085F2B900294F23 /* Build configuration list for PBXNativeTarget "UIPickView" */ = {
			isa = XCConfigurationList;
			buildConfigurations = (
				9B03E1682085F2B900294F23 /* Debug */,
				9B03E1692085F2B900294F23 /* Release */,
			);
			defaultConfigurationIsVisible = 0;
			defaultConfigurationName = Release;
		};
		9B03E16A2085F2B900294F23 /* Build configuration list for PBXNativeTarget "UIPickViewTests" */ = {
			isa = XCConfigurationList;
			buildConfigurations = (
				9B03E16B2085F2B900294F23 /* Debug */,
				9B03E16C2085F2B900294F23 /* Release */,
			);
			defaultConfigurationIsVisible = 0;
			defaultConfigurationName = Release;
		};
		9B03E16D2085F2B900294F23 /* Build configuration list for PBXNativeTarget "UIPickViewUITests" */ = {
			isa = XCConfigurationList;
			buildConfigurations = (
				9B03E16E2085F2B900294F23 /* Debug */,
				9B03E16F2085F2B900294F23 /* Release */,
			);
			defaultConfigurationIsVisible = 0;
			defaultConfigurationName = Release;
		};
/* End XCConfigurationList section */
	};
	rootObject = 9B03E1332085F2B800294F23 /* Project object */;
}
